
Microsoft Visual Studio Solution File, Format Version 12.00
# Visual Studio 15
VisualStudioVersion = 15.0.26430.16
MinimumVisualStudioVersion = 10.0.40219.1
Project("{FAE04EC0-301F-11D3-BF4B-00C04F79EFBC}") = "Wibci.Forms.Controls.Android", "Wibci.Forms.Controls\Wibci.Forms.Controls.Android\Wibci.Forms.Controls.Android.csproj", "{1F45F85A-DF5B-42F6-A424-D46114E1DF79}"
EndProject
Project("{FAE04EC0-301F-11D3-BF4B-00C04F79EFBC}") = "Wibci.Forms.Controls", "Wibci.Forms.Controls\Wibci.Forms.Controls\Wibci.Forms.Controls.csproj", "{6070CA5A-3C6F-4625-BD27-961A8BE32DC2}"
EndProject
Project("{FAE04EC0-301F-11D3-BF4B-00C04F79EFBC}") = "Wibci.Forms.Controls.UWP", "Wibci.Forms.Controls\Wibci.Forms.Controls.UWP\Wibci.Forms.Controls.UWP.csproj", "{819134EA-E04A-43EC-B9BE-518C3AD3077F}"
EndProject
Project("{FAE04EC0-301F-11D3-BF4B-00C04F79EFBC}") = "Wibci.Forms.Controls.iOS", "Wibci.Forms.Controls\Wibci.Forms.Controls.iOS\Wibci.Forms.Controls.iOS.csproj", "{F0E9A9A9-B273-47F6-983E-6766EAD54803}"
EndProject
Project("{FAE04EC0-301F-11D3-BF4B-00C04F79EFBC}") = "Wibci.Forms.Controls.Samples", "Wibci.Forms.Controls\Wibci.Forms.Controls.Samples\Wibci.Forms.Controls.Samples.csproj", "{67F9D3A8-F71E-4428-913F-C37AE82CDB24}"
EndProject
Project("{2150E333-8FDC-42A3-9474-1A3956D46DE8}") = "Samples", "Samples", "{BEA6E9CD-0B5D-4707-A930-5C75B12AF58F}"
EndProject
Global
	GlobalSection(SolutionConfigurationPlatforms) = preSolution
		Ad-Hoc|Any CPU = Ad-Hoc|Any CPU
		Ad-Hoc|ARM = Ad-Hoc|ARM
		Ad-Hoc|iPhone = Ad-Hoc|iPhone
		Ad-Hoc|iPhoneSimulator = Ad-Hoc|iPhoneSimulator
		Ad-Hoc|x64 = Ad-Hoc|x64
		Ad-Hoc|x86 = Ad-Hoc|x86
		AppStore|Any CPU = AppStore|Any CPU
		AppStore|ARM = AppStore|ARM
		AppStore|iPhone = AppStore|iPhone
		AppStore|iPhoneSimulator = AppStore|iPhoneSimulator
		AppStore|x64 = AppStore|x64
		AppStore|x86 = AppStore|x86
		Debug|Any CPU = Debug|Any CPU
		Debug|ARM = Debug|ARM
		Debug|iPhone = Debug|iPhone
		Debug|iPhoneSimulator = Debug|iPhoneSimulator
		Debug|x64 = Debug|x64
		Debug|x86 = Debug|x86
		Release|Any CPU = Release|Any CPU
		Release|ARM = Release|ARM
		Release|iPhone = Release|iPhone
		Release|iPhoneSimulator = Release|iPhoneSimulator
		Release|x64 = Release|x64
		Release|x86 = Release|x86
	EndGlobalSection
	GlobalSection(ProjectConfigurationPlatforms) = postSolution
		{1F45F85A-DF5B-42F6-A424-D46114E1DF79}.Ad-Hoc|Any CPU.ActiveCfg = Release|Any CPU
		{1F45F85A-DF5B-42F6-A424-D46114E1DF79}.Ad-Hoc|Any CPU.Build.0 = Release|Any CPU
		{1F45F85A-DF5B-42F6-A424-D46114E1DF79}.Ad-Hoc|Any CPU.Deploy.0 = Release|Any CPU
		{1F45F85A-DF5B-42F6-A424-D46114E1DF79}.Ad-Hoc|ARM.ActiveCfg = Release|Any CPU
		{1F45F85A-DF5B-42F6-A424-D46114E1DF79}.Ad-Hoc|ARM.Build.0 = Release|Any CPU
		{1F45F85A-DF5B-42F6-A424-D46114E1DF79}.Ad-Hoc|ARM.Deploy.0 = Release|Any CPU
		{1F45F85A-DF5B-42F6-A424-D46114E1DF79}.Ad-Hoc|iPhone.ActiveCfg = Release|Any CPU
		{1F45F85A-DF5B-42F6-A424-D46114E1DF79}.Ad-Hoc|iPhone.Build.0 = Release|Any CPU
		{1F45F85A-DF5B-42F6-A424-D46114E1DF79}.Ad-Hoc|iPhone.Deploy.0 = Release|Any CPU
		{1F45F85A-DF5B-42F6-A424-D46114E1DF79}.Ad-Hoc|iPhoneSimulator.ActiveCfg = Release|Any CPU
		{1F45F85A-DF5B-42F6-A424-D46114E1DF79}.Ad-Hoc|iPhoneSimulator.Build.0 = Release|Any CPU
		{1F45F85A-DF5B-42F6-A424-D46114E1DF79}.Ad-Hoc|iPhoneSimulator.Deploy.0 = Release|Any CPU
		{1F45F85A-DF5B-42F6-A424-D46114E1DF79}.Ad-Hoc|x64.ActiveCfg = Release|Any CPU
		{1F45F85A-DF5B-42F6-A424-D46114E1DF79}.Ad-Hoc|x64.Build.0 = Release|Any CPU
		{1F45F85A-DF5B-42F6-A424-D46114E1DF79}.Ad-Hoc|x64.Deploy.0 = Release|Any CPU
		{1F45F85A-DF5B-42F6-A424-D46114E1DF79}.Ad-Hoc|x86.ActiveCfg = Release|Any CPU
		{1F45F85A-DF5B-42F6-A424-D46114E1DF79}.Ad-Hoc|x86.Build.0 = Release|Any CPU
		{1F45F85A-DF5B-42F6-A424-D46114E1DF79}.Ad-Hoc|x86.Deploy.0 = Release|Any CPU
		{1F45F85A-DF5B-42F6-A424-D46114E1DF79}.AppStore|Any CPU.ActiveCfg = Release|Any CPU
		{1F45F85A-DF5B-42F6-A424-D46114E1DF79}.AppStore|Any CPU.Build.0 = Release|Any CPU
		{1F45F85A-DF5B-42F6-A424-D46114E1DF79}.AppStore|Any CPU.Deploy.0 = Release|Any CPU
		{1F45F85A-DF5B-42F6-A424-D46114E1DF79}.AppStore|ARM.ActiveCfg = Release|Any CPU
		{1F45F85A-DF5B-42F6-A424-D46114E1DF79}.AppStore|ARM.Build.0 = Release|Any CPU
		{1F45F85A-DF5B-42F6-A424-D46114E1DF79}.AppStore|ARM.Deploy.0 = Release|Any CPU
		{1F45F85A-DF5B-42F6-A424-D46114E1DF79}.AppStore|iPhone.ActiveCfg = Release|Any CPU
		{1F45F85A-DF5B-42F6-A424-D46114E1DF79}.AppStore|iPhone.Build.0 = Release|Any CPU
		{1F45F85A-DF5B-42F6-A424-D46114E1DF79}.AppStore|iPhone.Deploy.0 = Release|Any CPU
		{1F45F85A-DF5B-42F6-A424-D46114E1DF79}.AppStore|iPhoneSimulator.ActiveCfg = Release|Any CPU
		{1F45F85A-DF5B-42F6-A424-D46114E1DF79}.AppStore|iPhoneSimulator.Build.0 = Release|Any CPU
		{1F45F85A-DF5B-42F6-A424-D46114E1DF79}.AppStore|iPhoneSimulator.Deploy.0 = Release|Any CPU
		{1F45F85A-DF5B-42F6-A424-D46114E1DF79}.AppStore|x64.ActiveCfg = Release|Any CPU
		{1F45F85A-DF5B-42F6-A424-D46114E1DF79}.AppStore|x64.Build.0 = Release|Any CPU
		{1F45F85A-DF5B-42F6-A424-D46114E1DF79}.AppStore|x64.Deploy.0 = Release|Any CPU
		{1F45F85A-DF5B-42F6-A424-D46114E1DF79}.AppStore|x86.ActiveCfg = Release|Any CPU
		{1F45F85A-DF5B-42F6-A424-D46114E1DF79}.AppStore|x86.Build.0 = Release|Any CPU
		{1F45F85A-DF5B-42F6-A424-D46114E1DF79}.AppStore|x86.Deploy.0 = Release|Any CPU
		{1F45F85A-DF5B-42F6-A424-D46114E1DF79}.Debug|Any CPU.ActiveCfg = Debug|Any CPU
		{1F45F85A-DF5B-42F6-A424-D46114E1DF79}.Debug|Any CPU.Build.0 = Debug|Any CPU
		{1F45F85A-DF5B-42F6-A424-D46114E1DF79}.Debug|Any CPU.Deploy.0 = Debug|Any CPU
		{1F45F85A-DF5B-42F6-A424-D46114E1DF79}.Debug|ARM.ActiveCfg = Debug|Any CPU
		{1F45F85A-DF5B-42F6-A424-D46114E1DF79}.Debug|ARM.Build.0 = Debug|Any CPU
		{1F45F85A-DF5B-42F6-A424-D46114E1DF79}.Debug|ARM.Deploy.0 = Debug|Any CPU
		{1F45F85A-DF5B-42F6-A424-D46114E1DF79}.Debug|iPhone.ActiveCfg = Debug|Any CPU
		{1F45F85A-DF5B-42F6-A424-D46114E1DF79}.Debug|iPhone.Build.0 = Debug|Any CPU
		{1F45F85A-DF5B-42F6-A424-D46114E1DF79}.Debug|iPhone.Deploy.0 = Debug|Any CPU
		{1F45F85A-DF5B-42F6-A424-D46114E1DF79}.Debug|iPhoneSimulator.ActiveCfg = Debug|Any CPU
		{1F45F85A-DF5B-42F6-A424-D46114E1DF79}.Debug|iPhoneSimulator.Build.0 = Debug|Any CPU
		{1F45F85A-DF5B-42F6-A424-D46114E1DF79}.Debug|iPhoneSimulator.Deploy.0 = Debug|Any CPU
		{1F45F85A-DF5B-42F6-A424-D46114E1DF79}.Debug|x64.ActiveCfg = Debug|Any CPU
		{1F45F85A-DF5B-42F6-A424-D46114E1DF79}.Debug|x64.Build.0 = Debug|Any CPU
		{1F45F85A-DF5B-42F6-A424-D46114E1DF79}.Debug|x64.Deploy.0 = Debug|Any CPU
		{1F45F85A-DF5B-42F6-A424-D46114E1DF79}.Debug|x86.ActiveCfg = Debug|Any CPU
		{1F45F85A-DF5B-42F6-A424-D46114E1DF79}.Debug|x86.Build.0 = Debug|Any CPU
		{1F45F85A-DF5B-42F6-A424-D46114E1DF79}.Debug|x86.Deploy.0 = Debug|Any CPU
		{1F45F85A-DF5B-42F6-A424-D46114E1DF79}.Release|Any CPU.ActiveCfg = Release|Any CPU
		{1F45F85A-DF5B-42F6-A424-D46114E1DF79}.Release|Any CPU.Build.0 = Release|Any CPU
		{1F45F85A-DF5B-42F6-A424-D46114E1DF79}.Release|Any CPU.Deploy.0 = Release|Any CPU
		{1F45F85A-DF5B-42F6-A424-D46114E1DF79}.Release|ARM.ActiveCfg = Release|Any CPU
		{1F45F85A-DF5B-42F6-A424-D46114E1DF79}.Release|ARM.Build.0 = Release|Any CPU
		{1F45F85A-DF5B-42F6-A424-D46114E1DF79}.Release|ARM.Deploy.0 = Release|Any CPU
		{1F45F85A-DF5B-42F6-A424-D46114E1DF79}.Release|iPhone.ActiveCfg = Release|Any CPU
		{1F45F85A-DF5B-42F6-A424-D46114E1DF79}.Release|iPhone.Build.0 = Release|Any CPU
		{1F45F85A-DF5B-42F6-A424-D46114E1DF79}.Release|iPhone.Deploy.0 = Release|Any CPU
		{1F45F85A-DF5B-42F6-A424-D46114E1DF79}.Release|iPhoneSimulator.ActiveCfg = Release|Any CPU
		{1F45F85A-DF5B-42F6-A424-D46114E1DF79}.Release|iPhoneSimulator.Build.0 = Release|Any CPU
		{1F45F85A-DF5B-42F6-A424-D46114E1DF79}.Release|iPhoneSimulator.Deploy.0 = Release|Any CPU
		{1F45F85A-DF5B-42F6-A424-D46114E1DF79}.Release|x64.ActiveCfg = Release|Any CPU
		{1F45F85A-DF5B-42F6-A424-D46114E1DF79}.Release|x64.Build.0 = Release|Any CPU
		{1F45F85A-DF5B-42F6-A424-D46114E1DF79}.Release|x64.Deploy.0 = Release|Any CPU
		{1F45F85A-DF5B-42F6-A424-D46114E1DF79}.Release|x86.ActiveCfg = Release|Any CPU
		{1F45F85A-DF5B-42F6-A424-D46114E1DF79}.Release|x86.Build.0 = Release|Any CPU
		{1F45F85A-DF5B-42F6-A424-D46114E1DF79}.Release|x86.Deploy.0 = Release|Any CPU
		{6070CA5A-3C6F-4625-BD27-961A8BE32DC2}.Ad-Hoc|Any CPU.ActiveCfg = Release|Any CPU
		{6070CA5A-3C6F-4625-BD27-961A8BE32DC2}.Ad-Hoc|Any CPU.Build.0 = Release|Any CPU
		{6070CA5A-3C6F-4625-BD27-961A8BE32DC2}.Ad-Hoc|ARM.ActiveCfg = Release|Any CPU
		{6070CA5A-3C6F-4625-BD27-961A8BE32DC2}.Ad-Hoc|ARM.Build.0 = Release|Any CPU
		{6070CA5A-3C6F-4625-BD27-961A8BE32DC2}.Ad-Hoc|iPhone.ActiveCfg = Release|Any CPU
		{6070CA5A-3C6F-4625-BD27-961A8BE32DC2}.Ad-Hoc|iPhone.Build.0 = Release|Any CPU
		{6070CA5A-3C6F-4625-BD27-961A8BE32DC2}.Ad-Hoc|iPhoneSimulator.ActiveCfg = Release|Any CPU
		{6070CA5A-3C6F-4625-BD27-961A8BE32DC2}.Ad-Hoc|iPhoneSimulator.Build.0 = Release|Any CPU
		{6070CA5A-3C6F-4625-BD27-961A8BE32DC2}.Ad-Hoc|x64.ActiveCfg = Release|Any CPU
		{6070CA5A-3C6F-4625-BD27-961A8BE32DC2}.Ad-Hoc|x64.Build.0 = Release|Any CPU
		{6070CA5A-3C6F-4625-BD27-961A8BE32DC2}.Ad-Hoc|x86.ActiveCfg = Release|Any CPU
		{6070CA5A-3C6F-4625-BD27-961A8BE32DC2}.Ad-Hoc|x86.Build.0 = Release|Any CPU
		{6070CA5A-3C6F-4625-BD27-961A8BE32DC2}.AppStore|Any CPU.ActiveCfg = Release|Any CPU
		{6070CA5A-3C6F-4625-BD27-961A8BE32DC2}.AppStore|Any CPU.Build.0 = Release|Any CPU
		{6070CA5A-3C6F-4625-BD27-961A8BE32DC2}.AppStore|ARM.ActiveCfg = Release|Any CPU
		{6070CA5A-3C6F-4625-BD27-961A8BE32DC2}.AppStore|ARM.Build.0 = Release|Any CPU
		{6070CA5A-3C6F-4625-BD27-961A8BE32DC2}.AppStore|iPhone.ActiveCfg = Release|Any CPU
		{6070CA5A-3C6F-4625-BD27-961A8BE32DC2}.AppStore|iPhone.Build.0 = Release|Any CPU
		{6070CA5A-3C6F-4625-BD27-961A8BE32DC2}.AppStore|iPhoneSimulator.ActiveCfg = Release|Any CPU
		{6070CA5A-3C6F-4625-BD27-961A8BE32DC2}.AppStore|iPhoneSimulator.Build.0 = Release|Any CPU
		{6070CA5A-3C6F-4625-BD27-961A8BE32DC2}.AppStore|x64.ActiveCfg = Release|Any CPU
		{6070CA5A-3C6F-4625-BD27-961A8BE32DC2}.AppStore|x64.Build.0 = Release|Any CPU
		{6070CA5A-3C6F-4625-BD27-961A8BE32DC2}.AppStore|x86.ActiveCfg = Release|Any CPU
		{6070CA5A-3C6F-4625-BD27-961A8BE32DC2}.AppStore|x86.Build.0 = Release|Any CPU
		{6070CA5A-3C6F-4625-BD27-961A8BE32DC2}.Debug|Any CPU.ActiveCfg = Debug|Any CPU
		{6070CA5A-3C6F-4625-BD27-961A8BE32DC2}.Debug|Any CPU.Build.0 = Debug|Any CPU
		{6070CA5A-3C6F-4625-BD27-961A8BE32DC2}.Debug|ARM.ActiveCfg = Debug|Any CPU
		{6070CA5A-3C6F-4625-BD27-961A8BE32DC2}.Debug|ARM.Build.0 = Debug|Any CPU
		{6070CA5A-3C6F-4625-BD27-961A8BE32DC2}.Debug|iPhone.ActiveCfg = Debug|Any CPU
		{6070CA5A-3C6F-4625-BD27-961A8BE32DC2}.Debug|iPhone.Build.0 = Debug|Any CPU
		{6070CA5A-3C6F-4625-BD27-961A8BE32DC2}.Debug|iPhoneSimulator.ActiveCfg = Debug|Any CPU
		{6070CA5A-3C6F-4625-BD27-961A8BE32DC2}.Debug|iPhoneSimulator.Build.0 = Debug|Any CPU
		{6070CA5A-3C6F-4625-BD27-961A8BE32DC2}.Debug|x64.ActiveCfg = Debug|Any CPU
		{6070CA5A-3C6F-4625-BD27-961A8BE32DC2}.Debug|x64.Build.0 = Debug|Any CPU
		{6070CA5A-3C6F-4625-BD27-961A8BE32DC2}.Debug|x86.ActiveCfg = Debug|Any CPU
		{6070CA5A-3C6F-4625-BD27-961A8BE32DC2}.Debug|x86.Build.0 = Debug|Any CPU
		{6070CA5A-3C6F-4625-BD27-961A8BE32DC2}.Release|Any CPU.ActiveCfg = Release|Any CPU
		{6070CA5A-3C6F-4625-BD27-961A8BE32DC2}.Release|Any CPU.Build.0 = Release|Any CPU
		{6070CA5A-3C6F-4625-BD27-961A8BE32DC2}.Release|ARM.ActiveCfg = Release|Any CPU
		{6070CA5A-3C6F-4625-BD27-961A8BE32DC2}.Release|ARM.Build.0 = Release|Any CPU
		{6070CA5A-3C6F-4625-BD27-961A8BE32DC2}.Release|iPhone.ActiveCfg = Release|Any CPU
		{6070CA5A-3C6F-4625-BD27-961A8BE32DC2}.Release|iPhone.Build.0 = Release|Any CPU
		{6070CA5A-3C6F-4625-BD27-961A8BE32DC2}.Release|iPhoneSimulator.ActiveCfg = Release|Any CPU
		{6070CA5A-3C6F-4625-BD27-961A8BE32DC2}.Release|iPhoneSimulator.Build.0 = Release|Any CPU
		{6070CA5A-3C6F-4625-BD27-961A8BE32DC2}.Release|x64.ActiveCfg = Release|Any CPU
		{6070CA5A-3C6F-4625-BD27-961A8BE32DC2}.Release|x64.Build.0 = Release|Any CPU
		{6070CA5A-3C6F-4625-BD27-961A8BE32DC2}.Release|x86.ActiveCfg = Release|Any CPU
		{6070CA5A-3C6F-4625-BD27-961A8BE32DC2}.Release|x86.Build.0 = Release|Any CPU
		{819134EA-E04A-43EC-B9BE-518C3AD3077F}.Ad-Hoc|Any CPU.ActiveCfg = Release|x86
		{819134EA-E04A-43EC-B9BE-518C3AD3077F}.Ad-Hoc|Any CPU.Build.0 = Release|x86
		{819134EA-E04A-43EC-B9BE-518C3AD3077F}.Ad-Hoc|Any CPU.Deploy.0 = Release|x86
		{819134EA-E04A-43EC-B9BE-518C3AD3077F}.Ad-Hoc|ARM.ActiveCfg = Release|ARM
		{819134EA-E04A-43EC-B9BE-518C3AD3077F}.Ad-Hoc|ARM.Build.0 = Release|ARM
		{819134EA-E04A-43EC-B9BE-518C3AD3077F}.Ad-Hoc|ARM.Deploy.0 = Release|ARM
		{819134EA-E04A-43EC-B9BE-518C3AD3077F}.Ad-Hoc|iPhone.ActiveCfg = Release|x86
		{819134EA-E04A-43EC-B9BE-518C3AD3077F}.Ad-Hoc|iPhone.Build.0 = Release|x86
		{819134EA-E04A-43EC-B9BE-518C3AD3077F}.Ad-Hoc|iPhone.Deploy.0 = Release|x86
		{819134EA-E04A-43EC-B9BE-518C3AD3077F}.Ad-Hoc|iPhoneSimulator.ActiveCfg = Release|x86
		{819134EA-E04A-43EC-B9BE-518C3AD3077F}.Ad-Hoc|iPhoneSimulator.Build.0 = Release|x86
		{819134EA-E04A-43EC-B9BE-518C3AD3077F}.Ad-Hoc|iPhoneSimulator.Deploy.0 = Release|x86
		{819134EA-E04A-43EC-B9BE-518C3AD3077F}.Ad-Hoc|x64.ActiveCfg = Release|x64
		{819134EA-E04A-43EC-B9BE-518C3AD3077F}.Ad-Hoc|x64.Build.0 = Release|x64
		{819134EA-E04A-43EC-B9BE-518C3AD3077F}.Ad-Hoc|x64.Deploy.0 = Release|x64
		{819134EA-E04A-43EC-B9BE-518C3AD3077F}.Ad-Hoc|x86.ActiveCfg = Release|x86
		{819134EA-E04A-43EC-B9BE-518C3AD3077F}.Ad-Hoc|x86.Build.0 = Release|x86
		{819134EA-E04A-43EC-B9BE-518C3AD3077F}.Ad-Hoc|x86.Deploy.0 = Release|x86
		{819134EA-E04A-43EC-B9BE-518C3AD3077F}.AppStore|Any CPU.ActiveCfg = Release|x86
		{819134EA-E04A-43EC-B9BE-518C3AD3077F}.AppStore|Any CPU.Build.0 = Release|x86
		{819134EA-E04A-43EC-B9BE-518C3AD3077F}.AppStore|Any CPU.Deploy.0 = Release|x86
		{819134EA-E04A-43EC-B9BE-518C3AD3077F}.AppStore|ARM.ActiveCfg = Release|ARM
		{819134EA-E04A-43EC-B9BE-518C3AD3077F}.AppStore|ARM.Build.0 = Release|ARM
		{819134EA-E04A-43EC-B9BE-518C3AD3077F}.AppStore|ARM.Deploy.0 = Release|ARM
		{819134EA-E04A-43EC-B9BE-518C3AD3077F}.AppStore|iPhone.ActiveCfg = Release|x86
		{819134EA-E04A-43EC-B9BE-518C3AD3077F}.AppStore|iPhone.Build.0 = Release|x86
		{819134EA-E04A-43EC-B9BE-518C3AD3077F}.AppStore|iPhone.Deploy.0 = Release|x86
		{819134EA-E04A-43EC-B9BE-518C3AD3077F}.AppStore|iPhoneSimulator.ActiveCfg = Release|x86
		{819134EA-E04A-43EC-B9BE-518C3AD3077F}.AppStore|iPhoneSimulator.Build.0 = Release|x86
		{819134EA-E04A-43EC-B9BE-518C3AD3077F}.AppStore|iPhoneSimulator.Deploy.0 = Release|x86
		{819134EA-E04A-43EC-B9BE-518C3AD3077F}.AppStore|x64.ActiveCfg = Release|x64
		{819134EA-E04A-43EC-B9BE-518C3AD3077F}.AppStore|x64.Build.0 = Release|x64
		{819134EA-E04A-43EC-B9BE-518C3AD3077F}.AppStore|x64.Deploy.0 = Release|x64
		{819134EA-E04A-43EC-B9BE-518C3AD3077F}.AppStore|x86.ActiveCfg = Release|x86
		{819134EA-E04A-43EC-B9BE-518C3AD3077F}.AppStore|x86.Build.0 = Release|x86
		{819134EA-E04A-43EC-B9BE-518C3AD3077F}.AppStore|x86.Deploy.0 = Release|x86
		{819134EA-E04A-43EC-B9BE-518C3AD3077F}.Debug|Any CPU.ActiveCfg = Debug|x86
		{819134EA-E04A-43EC-B9BE-518C3AD3077F}.Debug|ARM.ActiveCfg = Debug|ARM
		{819134EA-E04A-43EC-B9BE-518C3AD3077F}.Debug|ARM.Build.0 = Debug|ARM
		{819134EA-E04A-43EC-B9BE-518C3AD3077F}.Debug|ARM.Deploy.0 = Debug|ARM
		{819134EA-E04A-43EC-B9BE-518C3AD3077F}.Debug|iPhone.ActiveCfg = Debug|x86
		{819134EA-E04A-43EC-B9BE-518C3AD3077F}.Debug|iPhoneSimulator.ActiveCfg = Debug|x86
		{819134EA-E04A-43EC-B9BE-518C3AD3077F}.Debug|x64.ActiveCfg = Debug|x64
		{819134EA-E04A-43EC-B9BE-518C3AD3077F}.Debug|x64.Build.0 = Debug|x64
		{819134EA-E04A-43EC-B9BE-518C3AD3077F}.Debug|x64.Deploy.0 = Debug|x64
		{819134EA-E04A-43EC-B9BE-518C3AD3077F}.Debug|x86.ActiveCfg = Debug|x86
		{819134EA-E04A-43EC-B9BE-518C3AD3077F}.Debug|x86.Build.0 = Debug|x86
		{819134EA-E04A-43EC-B9BE-518C3AD3077F}.Debug|x86.Deploy.0 = Debug|x86
		{819134EA-E04A-43EC-B9BE-518C3AD3077F}.Release|Any CPU.ActiveCfg = Release|x86
		{819134EA-E04A-43EC-B9BE-518C3AD3077F}.Release|ARM.ActiveCfg = Release|ARM
		{819134EA-E04A-43EC-B9BE-518C3AD3077F}.Release|ARM.Build.0 = Release|ARM
		{819134EA-E04A-43EC-B9BE-518C3AD3077F}.Release|ARM.Deploy.0 = Release|ARM
		{819134EA-E04A-43EC-B9BE-518C3AD3077F}.Release|iPhone.ActiveCfg = Release|x86
		{819134EA-E04A-43EC-B9BE-518C3AD3077F}.Release|iPhoneSimulator.ActiveCfg = Release|x86
		{819134EA-E04A-43EC-B9BE-518C3AD3077F}.Release|x64.ActiveCfg = Release|x64
		{819134EA-E04A-43EC-B9BE-518C3AD3077F}.Release|x64.Build.0 = Release|x64
		{819134EA-E04A-43EC-B9BE-518C3AD3077F}.Release|x64.Deploy.0 = Release|x64
		{819134EA-E04A-43EC-B9BE-518C3AD3077F}.Release|x86.ActiveCfg = Release|x86
		{819134EA-E04A-43EC-B9BE-518C3AD3077F}.Release|x86.Build.0 = Release|x86
		{819134EA-E04A-43EC-B9BE-518C3AD3077F}.Release|x86.Deploy.0 = Release|x86
		{F0E9A9A9-B273-47F6-983E-6766EAD54803}.Ad-Hoc|Any CPU.ActiveCfg = Ad-Hoc|iPhone
		{F0E9A9A9-B273-47F6-983E-6766EAD54803}.Ad-Hoc|ARM.ActiveCfg = Ad-Hoc|iPhone
		{F0E9A9A9-B273-47F6-983E-6766EAD54803}.Ad-Hoc|iPhone.ActiveCfg = Ad-Hoc|iPhone
		{F0E9A9A9-B273-47F6-983E-6766EAD54803}.Ad-Hoc|iPhone.Build.0 = Ad-Hoc|iPhone
		{F0E9A9A9-B273-47F6-983E-6766EAD54803}.Ad-Hoc|iPhoneSimulator.ActiveCfg = Ad-Hoc|iPhoneSimulator
		{F0E9A9A9-B273-47F6-983E-6766EAD54803}.Ad-Hoc|iPhoneSimulator.Build.0 = Ad-Hoc|iPhoneSimulator
		{F0E9A9A9-B273-47F6-983E-6766EAD54803}.Ad-Hoc|x64.ActiveCfg = Ad-Hoc|iPhone
		{F0E9A9A9-B273-47F6-983E-6766EAD54803}.Ad-Hoc|x86.ActiveCfg = Ad-Hoc|iPhone
		{F0E9A9A9-B273-47F6-983E-6766EAD54803}.AppStore|Any CPU.ActiveCfg = AppStore|iPhone
		{F0E9A9A9-B273-47F6-983E-6766EAD54803}.AppStore|ARM.ActiveCfg = AppStore|iPhone
		{F0E9A9A9-B273-47F6-983E-6766EAD54803}.AppStore|iPhone.ActiveCfg = AppStore|iPhone
		{F0E9A9A9-B273-47F6-983E-6766EAD54803}.AppStore|iPhone.Build.0 = AppStore|iPhone
		{F0E9A9A9-B273-47F6-983E-6766EAD54803}.AppStore|iPhoneSimulator.ActiveCfg = AppStore|iPhoneSimulator
		{F0E9A9A9-B273-47F6-983E-6766EAD54803}.AppStore|iPhoneSimulator.Build.0 = AppStore|iPhoneSimulator
		{F0E9A9A9-B273-47F6-983E-6766EAD54803}.AppStore|x64.ActiveCfg = AppStore|iPhone
		{F0E9A9A9-B273-47F6-983E-6766EAD54803}.AppStore|x86.ActiveCfg = AppStore|iPhone
		{F0E9A9A9-B273-47F6-983E-6766EAD54803}.Debug|Any CPU.ActiveCfg = Debug|iPhone
		{F0E9A9A9-B273-47F6-983E-6766EAD54803}.Debug|ARM.ActiveCfg = Debug|iPhone
		{F0E9A9A9-B273-47F6-983E-6766EAD54803}.Debug|iPhone.ActiveCfg = Debug|iPhone
		{F0E9A9A9-B273-47F6-983E-6766EAD54803}.Debug|iPhone.Build.0 = Debug|iPhone
		{F0E9A9A9-B273-47F6-983E-6766EAD54803}.Debug|iPhoneSimulator.ActiveCfg = Debug|iPhoneSimulator
		{F0E9A9A9-B273-47F6-983E-6766EAD54803}.Debug|iPhoneSimulator.Build.0 = Debug|iPhoneSimulator
		{F0E9A9A9-B273-47F6-983E-6766EAD54803}.Debug|x64.ActiveCfg = Debug|iPhone
		{F0E9A9A9-B273-47F6-983E-6766EAD54803}.Debug|x86.ActiveCfg = Debug|iPhone
		{F0E9A9A9-B273-47F6-983E-6766EAD54803}.Release|Any CPU.ActiveCfg = Release|iPhone
		{F0E9A9A9-B273-47F6-983E-6766EAD54803}.Release|ARM.ActiveCfg = Release|iPhone
		{F0E9A9A9-B273-47F6-983E-6766EAD54803}.Release|iPhone.ActiveCfg = Release|iPhone
		{F0E9A9A9-B273-47F6-983E-6766EAD54803}.Release|iPhone.Build.0 = Release|iPhone
		{F0E9A9A9-B273-47F6-983E-6766EAD54803}.Release|iPhoneSimulator.ActiveCfg = Release|iPhoneSimulator
		{F0E9A9A9-B273-47F6-983E-6766EAD54803}.Release|iPhoneSimulator.Build.0 = Release|iPhoneSimulator
		{F0E9A9A9-B273-47F6-983E-6766EAD54803}.Release|x64.ActiveCfg = Release|iPhone
		{F0E9A9A9-B273-47F6-983E-6766EAD54803}.Release|x86.ActiveCfg = Release|iPhone
		{67F9D3A8-F71E-4428-913F-C37AE82CDB24}.Ad-Hoc|Any CPU.ActiveCfg = Release|Any CPU
		{67F9D3A8-F71E-4428-913F-C37AE82CDB24}.Ad-Hoc|Any CPU.Build.0 = Release|Any CPU
		{67F9D3A8-F71E-4428-913F-C37AE82CDB24}.Ad-Hoc|ARM.ActiveCfg = Release|Any CPU
		{67F9D3A8-F71E-4428-913F-C37AE82CDB24}.Ad-Hoc|ARM.Build.0 = Release|Any CPU
		{67F9D3A8-F71E-4428-913F-C37AE82CDB24}.Ad-Hoc|iPhone.ActiveCfg = Release|Any CPU
		{67F9D3A8-F71E-4428-913F-C37AE82CDB24}.Ad-Hoc|iPhone.Build.0 = Release|Any CPU
		{67F9D3A8-F71E-4428-913F-C37AE82CDB24}.Ad-Hoc|iPhoneSimulator.ActiveCfg = Release|Any CPU
		{67F9D3A8-F71E-4428-913F-C37AE82CDB24}.Ad-Hoc|iPhoneSimulator.Build.0 = Release|Any CPU
		{67F9D3A8-F71E-4428-913F-C37AE82CDB24}.Ad-Hoc|x64.ActiveCfg = Release|Any CPU
		{67F9D3A8-F71E-4428-913F-C37AE82CDB24}.Ad-Hoc|x64.Build.0 = Release|Any CPU
		{67F9D3A8-F71E-4428-913F-C37AE82CDB24}.Ad-Hoc|x86.ActiveCfg = Release|Any CPU
		{67F9D3A8-F71E-4428-913F-C37AE82CDB24}.Ad-Hoc|x86.Build.0 = Release|Any CPU
		{67F9D3A8-F71E-4428-913F-C37AE82CDB24}.AppStore|Any CPU.ActiveCfg = Release|Any CPU
		{67F9D3A8-F71E-4428-913F-C37AE82CDB24}.AppStore|Any CPU.Build.0 = Release|Any CPU
		{67F9D3A8-F71E-4428-913F-C37AE82CDB24}.AppStore|ARM.ActiveCfg = Release|Any CPU
		{67F9D3A8-F71E-4428-913F-C37AE82CDB24}.AppStore|ARM.Build.0 = Release|Any CPU
		{67F9D3A8-F71E-4428-913F-C37AE82CDB24}.AppStore|iPhone.ActiveCfg = Release|Any CPU
		{67F9D3A8-F71E-4428-913F-C37AE82CDB24}.AppStore|iPhone.Build.0 = Release|Any CPU
		{67F9D3A8-F71E-4428-913F-C37AE82CDB24}.AppStore|iPhoneSimulator.ActiveCfg = Release|Any CPU
		{67F9D3A8-F71E-4428-913F-C37AE82CDB24}.AppStore|iPhoneSimulator.Build.0 = Release|Any CPU
		{67F9D3A8-F71E-4428-913F-C37AE82CDB24}.AppStore|x64.ActiveCfg = Release|Any CPU
		{67F9D3A8-F71E-4428-913F-C37AE82CDB24}.AppStore|x64.Build.0 = Release|Any CPU
		{67F9D3A8-F71E-4428-913F-C37AE82CDB24}.AppStore|x86.ActiveCfg = Release|Any CPU
		{67F9D3A8-F71E-4428-913F-C37AE82CDB24}.AppStore|x86.Build.0 = Release|Any CPU
		{67F9D3A8-F71E-4428-913F-C37AE82CDB24}.Debug|Any CPU.ActiveCfg = Debug|Any CPU
		{67F9D3A8-F71E-4428-913F-C37AE82CDB24}.Debug|Any CPU.Build.0 = Debug|Any CPU
		{67F9D3A8-F71E-4428-913F-C37AE82CDB24}.Debug|ARM.ActiveCfg = Debug|Any CPU
		{67F9D3A8-F71E-4428-913F-C37AE82CDB24}.Debug|ARM.Build.0 = Debug|Any CPU
		{67F9D3A8-F71E-4428-913F-C37AE82CDB24}.Debug|iPhone.ActiveCfg = Debug|Any CPU
		{67F9D3A8-F71E-4428-913F-C37AE82CDB24}.Debug|iPhone.Build.0 = Debug|Any CPU
		{67F9D3A8-F71E-4428-913F-C37AE82CDB24}.Debug|iPhoneSimulator.ActiveCfg = Debug|Any CPU
		{67F9D3A8-F71E-4428-913F-C37AE82CDB24}.Debug|iPhoneSimulator.Build.0 = Debug|Any CPU
		{67F9D3A8-F71E-4428-913F-C37AE82CDB24}.Debug|x64.ActiveCfg = Debug|Any CPU
		{67F9D3A8-F71E-4428-913F-C37AE82CDB24}.Debug|x64.Build.0 = Debug|Any CPU
		{67F9D3A8-F71E-4428-913F-C37AE82CDB24}.Debug|x86.ActiveCfg = Debug|Any CPU
		{67F9D3A8-F71E-4428-913F-C37AE82CDB24}.Debug|x86.Build.0 = Debug|Any CPU
		{67F9D3A8-F71E-4428-913F-C37AE82CDB24}.Release|Any CPU.ActiveCfg = Release|Any CPU
		{67F9D3A8-F71E-4428-913F-C37AE82CDB24}.Release|Any CPU.Build.0 = Release|Any CPU
		{67F9D3A8-F71E-4428-913F-C37AE82CDB24}.Release|ARM.ActiveCfg = Release|Any CPU
		{67F9D3A8-F71E-4428-913F-C37AE82CDB24}.Release|ARM.Build.0 = Release|Any CPU
		{67F9D3A8-F71E-4428-913F-C37AE82CDB24}.Release|iPhone.ActiveCfg = Release|Any CPU
		{67F9D3A8-F71E-4428-913F-C37AE82CDB24}.Release|iPhone.Build.0 = Release|Any CPU
		{67F9D3A8-F71E-4428-913F-C37AE82CDB24}.Release|iPhoneSimulator.ActiveCfg = Release|Any CPU
		{67F9D3A8-F71E-4428-913F-C37AE82CDB24}.Release|iPhoneSimulator.Build.0 = Release|Any CPU
		{67F9D3A8-F71E-4428-913F-C37AE82CDB24}.Release|x64.ActiveCfg = Release|Any CPU
		{67F9D3A8-F71E-4428-913F-C37AE82CDB24}.Release|x64.Build.0 = Release|Any CPU
		{67F9D3A8-F71E-4428-913F-C37AE82CDB24}.Release|x86.ActiveCfg = Release|Any CPU
		{67F9D3A8-F71E-4428-913F-C37AE82CDB24}.Release|x86.Build.0 = Release|Any CPU
	EndGlobalSection
	GlobalSection(SolutionProperties) = preSolution
		HideSolutionNode = FALSE
	EndGlobalSection
	GlobalSection(NestedProjects) = preSolution
		{1F45F85A-DF5B-42F6-A424-D46114E1DF79} = {BEA6E9CD-0B5D-4707-A930-5C75B12AF58F}
		{819134EA-E04A-43EC-B9BE-518C3AD3077F} = {BEA6E9CD-0B5D-4707-A930-5C75B12AF58F}
		{F0E9A9A9-B273-47F6-983E-6766EAD54803} = {BEA6E9CD-0B5D-4707-A930-5C75B12AF58F}
		{67F9D3A8-F71E-4428-913F-C37AE82CDB24} = {BEA6E9CD-0B5D-4707-A930-5C75B12AF58F}
	EndGlobalSection
EndGlobal
